
Microsoft Visual Studio Solution File, Format Version 12.00
# Visual Studio Version 16
VisualStudioVersion = 16.0.30204.135
MinimumVisualStudioVersion = 10.0.40219.1
Project("{FAE04EC0-301F-11D3-BF4B-00C04F79EFBC}") = "CarScrapper.Core", "CarScrapper.Core\CarScrapper.Core.csproj", "{97BC7C57-E658-40C6-AAE1-F6160D348A01}"
EndProject
Project("{FAE04EC0-301F-11D3-BF4B-00C04F79EFBC}") = "CarScrapper.Core.Tests", "CarScrapper.Core.Tests\CarScrapper.Core.Tests.csproj", "{74BD4BD0-D087-4697-9527-EA9298585E16}"
EndProject
Project("{FAE04EC0-301F-11D3-BF4B-00C04F79EFBC}") = "CarScrapper.Web", "CarScrapper.Web\CarScrapper.Web.csproj", "{B0A56D0E-1BA0-47F9-9F3C-FC5370F23956}"
EndProject
Project("{FAE04EC0-301F-11D3-BF4B-00C04F79EFBC}") = "CarScraper.Web.API", "CarScraper.Web.API\CarScraper.Web.API.csproj", "{653C6A29-AC81-4208-ADFB-2E04E032F31D}"
EndProject
Global
	GlobalSection(SolutionConfigurationPlatforms) = preSolution
		Debug|Any CPU = Debug|Any CPU
		Release|Any CPU = Release|Any CPU
	EndGlobalSection
	GlobalSection(ProjectConfigurationPlatforms) = postSolution
		{97BC7C57-E658-40C6-AAE1-F6160D348A01}.Debug|Any CPU.ActiveCfg = Debug|Any CPU
		{97BC7C57-E658-40C6-AAE1-F6160D348A01}.Debug|Any CPU.Build.0 = Debug|Any CPU
		{97BC7C57-E658-40C6-AAE1-F6160D348A01}.Release|Any CPU.ActiveCfg = Release|Any CPU
		{97BC7C57-E658-40C6-AAE1-F6160D348A01}.Release|Any CPU.Build.0 = Release|Any CPU
		{74BD4BD0-D087-4697-9527-EA9298585E16}.Debug|Any CPU.ActiveCfg = Debug|Any CPU
		{74BD4BD0-D087-4697-9527-EA9298585E16}.Debug|Any CPU.Build.0 = Debug|Any CPU
		{74BD4BD0-D087-4697-9527-EA9298585E16}.Release|Any CPU.ActiveCfg = Release|Any CPU
		{74BD4BD0-D087-4697-9527-EA9298585E16}.Release|Any CPU.Build.0 = Release|Any CPU
		{B0A56D0E-1BA0-47F9-9F3C-FC5370F23956}.Debug|Any CPU.ActiveCfg = Debug|Any CPU
		{B0A56D0E-1BA0-47F9-9F3C-FC5370F23956}.Debug|Any CPU.Build.0 = Debug|Any CPU
		{B0A56D0E-1BA0-47F9-9F3C-FC5370F23956}.Release|Any CPU.ActiveCfg = Release|Any CPU
		{B0A56D0E-1BA0-47F9-9F3C-FC5370F23956}.Release|Any CPU.Build.0 = Release|Any CPU
		{653C6A29-AC81-4208-ADFB-2E04E032F31D}.Debug|Any CPU.ActiveCfg = Debug|Any CPU
		{653C6A29-AC81-4208-ADFB-2E04E032F31D}.Debug|Any CPU.Build.0 = Debug|Any CPU
		{653C6A29-AC81-4208-ADFB-2E04E032F31D}.Release|Any CPU.ActiveCfg = Release|Any CPU
		{653C6A29-AC81-4208-ADFB-2E04E032F31D}.Release|Any CPU.Build.0 = Release|Any CPU
	EndGlobalSection
	GlobalSection(SolutionProperties) = preSolution
		HideSolutionNode = FALSE
	EndGlobalSection
	GlobalSection(ExtensibilityGlobals) = postSolution
		SolutionGuid = {0E273F5C-EB5E-4B78-AD8F-525733FFACE1}
	EndGlobalSection
EndGlobal
